// !$*UTF8*$!
{
	archiveVersion = 1;
	classes = {
	};
	objectVersion = 51;
	objects = {

/* Begin PBXBuildFile section */
		3329862A251E76F800CB249C /* CalculationAlgorithm.swift in Sources */ = {isa = PBXBuildFile; fileRef = 33298629251E76F800CB249C /* CalculationAlgorithm.swift */; };
		CB028BDE252117DC00A70A51 /* ParserProtocol.swift in Sources */ = {isa = PBXBuildFile; fileRef = CB028BDD252117DC00A70A51 /* ParserProtocol.swift */; };
		CB1DAEB3252C80DE009B3EC5 /* HistoryModel.xcdatamodeld in Sources */ = {isa = PBXBuildFile; fileRef = CB7B5555252B1FBC00B9613B /* HistoryModel.xcdatamodeld */; };
		CB1DAF00252CBC37009B3EC5 /* MainViewControllerDelegate.swift in Sources */ = {isa = PBXBuildFile; fileRef = CB1DAEFF252CBC37009B3EC5 /* MainViewControllerDelegate.swift */; };
		CB41795025304A2D00702775 /* HistoryService.swift in Sources */ = {isa = PBXBuildFile; fileRef = CB41794F25304A2D00702775 /* HistoryService.swift */; };
		CB41795525304C0B00702775 /* HistoryModelObject.swift in Sources */ = {isa = PBXBuildFile; fileRef = CB41795425304C0B00702775 /* HistoryModelObject.swift */; };
		CB41798925309D7500702775 /* HistoryViewOutput.swift in Sources */ = {isa = PBXBuildFile; fileRef = CB41798825309D7500702775 /* HistoryViewOutput.swift */; };
		CB41798E25309D8C00702775 /* HistoryViewInput.swift in Sources */ = {isa = PBXBuildFile; fileRef = CB41798D25309D8C00702775 /* HistoryViewInput.swift */; };
		CB5BADB02508323800AD4E0A /* Stack.swift in Sources */ = {isa = PBXBuildFile; fileRef = CB5BADAF2508323800AD4E0A /* Stack.swift */; };
		CB5BADB22508368100AD4E0A /* Notation.swift in Sources */ = {isa = PBXBuildFile; fileRef = CB5BADB12508368100AD4E0A /* Notation.swift */; };
		CB7A6361253CBE3000F262BC /* Optional.swift in Sources */ = {isa = PBXBuildFile; fileRef = CB7A6360253CBE3000F262BC /* Optional.swift */; };
		CB7A6366253CC45000F262BC /* HistoryServiceAssembly.swift in Sources */ = {isa = PBXBuildFile; fileRef = CB7A6365253CC45000F262BC /* HistoryServiceAssembly.swift */; };
		CB7A63CB253CD54200F262BC /* Pods_Calculator_.framework in Frameworks */ = {isa = PBXBuildFile; fileRef = 5C7EC4A84E157AACF4CB1A61 /* Pods_Calculator_.framework */; };
		CB966DE12517CA460095D15C /* InsertOperation.swift in Sources */ = {isa = PBXBuildFile; fileRef = CB966DE02517CA460095D15C /* InsertOperation.swift */; };
		CBA99EA52503B58A008048F1 /* AppDelegate.swift in Sources */ = {isa = PBXBuildFile; fileRef = CBA99EA42503B58A008048F1 /* AppDelegate.swift */; };
		CBA99EA72503B58A008048F1 /* SceneDelegate.swift in Sources */ = {isa = PBXBuildFile; fileRef = CBA99EA62503B58A008048F1 /* SceneDelegate.swift */; };
		CBA99EA92503B58A008048F1 /* MainViewController.swift in Sources */ = {isa = PBXBuildFile; fileRef = CBA99EA82503B58A008048F1 /* MainViewController.swift */; };
		CBA99EAC2503B58A008048F1 /* Main.storyboard in Resources */ = {isa = PBXBuildFile; fileRef = CBA99EAA2503B58A008048F1 /* Main.storyboard */; };
		CBA99EAE2503B58B008048F1 /* Assets.xcassets in Resources */ = {isa = PBXBuildFile; fileRef = CBA99EAD2503B58B008048F1 /* Assets.xcassets */; };
		CBA99EBC2503B58B008048F1 /* Calculator_Tests.swift in Sources */ = {isa = PBXBuildFile; fileRef = CBA99EBB2503B58B008048F1 /* Calculator_Tests.swift */; };
		CBA99EC72503B58B008048F1 /* Calculator_UITests.swift in Sources */ = {isa = PBXBuildFile; fileRef = CBA99EC62503B58B008048F1 /* Calculator_UITests.swift */; };
		CBA99ED52503C98F008048F1 /* RoundButton.swift in Sources */ = {isa = PBXBuildFile; fileRef = CBA99ED42503C98F008048F1 /* RoundButton.swift */; };
		CBB8A77B250EB859005C4E9C /* String.swift in Sources */ = {isa = PBXBuildFile; fileRef = CBB8A77A250EB859005C4E9C /* String.swift */; };
		CBBA368825265B7D00148473 /* HistoryViewController.swift in Sources */ = {isa = PBXBuildFile; fileRef = CBBA368725265B7D00148473 /* HistoryViewController.swift */; };
		CBBA368F25265F1E00148473 /* UIView.swift in Sources */ = {isa = PBXBuildFile; fileRef = CBBA368E25265F1E00148473 /* UIView.swift */; };
		CBBA36A625267DA800148473 /* CalcCell.swift in Sources */ = {isa = PBXBuildFile; fileRef = CBBA36A525267DA800148473 /* CalcCell.swift */; };
		CBC47F062538D3040086324F /* HistoryServiceImplementation.swift in Sources */ = {isa = PBXBuildFile; fileRef = CBC47F052538D3040086324F /* HistoryServiceImplementation.swift */; };
		CBC47F1B2539B9490086324F /* HistoryTranlator.swift in Sources */ = {isa = PBXBuildFile; fileRef = CBC47F1A2539B9490086324F /* HistoryTranlator.swift */; };
		CBC47F20253A15710086324F /* Sampler.swift in Sources */ = {isa = PBXBuildFile; fileRef = CBC47F1F253A15710086324F /* Sampler.swift */; };
		CBCC911E252E068000C2ABBD /* HistoryPlainObject.swift in Sources */ = {isa = PBXBuildFile; fileRef = CBCC911D252E068000C2ABBD /* HistoryPlainObject.swift */; };
		CBCC9123252E075300C2ABBD /* HistoryPresenter.swift in Sources */ = {isa = PBXBuildFile; fileRef = CBCC9122252E075300C2ABBD /* HistoryPresenter.swift */; };
		CBCC9137252E46B200C2ABBD /* HistoryAssembly.swift in Sources */ = {isa = PBXBuildFile; fileRef = CBCC9136252E46B200C2ABBD /* HistoryAssembly.swift */; };
		CBE47DB12522261800BECDBE /* FittableFontLabel.swift in Sources */ = {isa = PBXBuildFile; fileRef = CBE47DB02522261800BECDBE /* FittableFontLabel.swift */; };
		CBE47DBC2522269000BECDBE /* UILabel.swift in Sources */ = {isa = PBXBuildFile; fileRef = CBE47DBB2522269000BECDBE /* UILabel.swift */; };
		CBE47DC725222DCC00BECDBE /* MathExpressionParser.swift in Sources */ = {isa = PBXBuildFile; fileRef = CBE47DC625222DCC00BECDBE /* MathExpressionParser.swift */; };
		CBEB95B6253DD60200E5C43D /* AssembliesCollector.swift in Sources */ = {isa = PBXBuildFile; fileRef = CBEB95B2253DD60000E5C43D /* AssembliesCollector.swift */; };
		CBEB95B7253DD60200E5C43D /* ApplicationAssembliesCollector.swift in Sources */ = {isa = PBXBuildFile; fileRef = CBEB95B3253DD60100E5C43D /* ApplicationAssembliesCollector.swift */; };
		CBEB95B8253DD60200E5C43D /* CollectableAssembly.swift in Sources */ = {isa = PBXBuildFile; fileRef = CBEB95B4253DD60100E5C43D /* CollectableAssembly.swift */; };
		CBEB95B9253DD60200E5C43D /* AssembliesHolder.swift in Sources */ = {isa = PBXBuildFile; fileRef = CBEB95B5253DD60200E5C43D /* AssembliesHolder.swift */; };
		CBFEEA3F251CF2120007E6FD /* SelectableLabel.swift in Sources */ = {isa = PBXBuildFile; fileRef = CBFEEA3E251CF2120007E6FD /* SelectableLabel.swift */; };
/* End PBXBuildFile section */

/* Begin PBXContainerItemProxy section */
		CBA99EB82503B58B008048F1 /* PBXContainerItemProxy */ = {
			isa = PBXContainerItemProxy;
			containerPortal = CBA99E992503B58A008048F1 /* Project object */;
			proxyType = 1;
			remoteGlobalIDString = CBA99EA02503B58A008048F1;
			remoteInfo = "Calculator!";
		};
		CBA99EC32503B58B008048F1 /* PBXContainerItemProxy */ = {
			isa = PBXContainerItemProxy;
			containerPortal = CBA99E992503B58A008048F1 /* Project object */;
			proxyType = 1;
			remoteGlobalIDString = CBA99EA02503B58A008048F1;
			remoteInfo = "Calculator!";
		};
/* End PBXContainerItemProxy section */

/* Begin PBXFileReference section */
		33298629251E76F800CB249C /* CalculationAlgorithm.swift */ = {isa = PBXFileReference; lastKnownFileType = sourcecode.swift; path = CalculationAlgorithm.swift; sourceTree = "<group>"; };
		5C7EC4A84E157AACF4CB1A61 /* Pods_Calculator_.framework */ = {isa = PBXFileReference; explicitFileType = wrapper.framework; includeInIndex = 0; path = Pods_Calculator_.framework; sourceTree = BUILT_PRODUCTS_DIR; };
		CB028BDD252117DC00A70A51 /* ParserProtocol.swift */ = {isa = PBXFileReference; lastKnownFileType = sourcecode.swift; path = ParserProtocol.swift; sourceTree = "<group>"; };
		CB1DAEFF252CBC37009B3EC5 /* MainViewControllerDelegate.swift */ = {isa = PBXFileReference; lastKnownFileType = sourcecode.swift; path = MainViewControllerDelegate.swift; sourceTree = "<group>"; };
		CB41794F25304A2D00702775 /* HistoryService.swift */ = {isa = PBXFileReference; lastKnownFileType = sourcecode.swift; path = HistoryService.swift; sourceTree = "<group>"; };
		CB41795425304C0B00702775 /* HistoryModelObject.swift */ = {isa = PBXFileReference; lastKnownFileType = sourcecode.swift; path = HistoryModelObject.swift; sourceTree = "<group>"; };
		CB41798825309D7500702775 /* HistoryViewOutput.swift */ = {isa = PBXFileReference; lastKnownFileType = sourcecode.swift; path = HistoryViewOutput.swift; sourceTree = "<group>"; };
		CB41798D25309D8C00702775 /* HistoryViewInput.swift */ = {isa = PBXFileReference; lastKnownFileType = sourcecode.swift; path = HistoryViewInput.swift; sourceTree = "<group>"; };
		CB5BADAF2508323800AD4E0A /* Stack.swift */ = {isa = PBXFileReference; lastKnownFileType = sourcecode.swift; path = Stack.swift; sourceTree = "<group>"; };
		CB5BADB12508368100AD4E0A /* Notation.swift */ = {isa = PBXFileReference; lastKnownFileType = sourcecode.swift; path = Notation.swift; sourceTree = "<group>"; };
		CB5BADB62508D38D00AD4E0A /* MyPlayground.playground */ = {isa = PBXFileReference; lastKnownFileType = file.playground; path = MyPlayground.playground; sourceTree = "<group>"; xcLanguageSpecificationIdentifier = xcode.lang.swift; };
		CB7A6360253CBE3000F262BC /* Optional.swift */ = {isa = PBXFileReference; fileEncoding = 4; lastKnownFileType = sourcecode.swift; name = Optional.swift; path = ../../../../Downloads/Optional.swift; sourceTree = "<group>"; };
		CB7A6365253CC45000F262BC /* HistoryServiceAssembly.swift */ = {isa = PBXFileReference; lastKnownFileType = sourcecode.swift; path = HistoryServiceAssembly.swift; sourceTree = "<group>"; };
		CB7B5556252B1FBC00B9613B /* HistoryModel.xcdatamodel */ = {isa = PBXFileReference; lastKnownFileType = wrapper.xcdatamodel; path = HistoryModel.xcdatamodel; sourceTree = "<group>"; };
		CB966DE02517CA460095D15C /* InsertOperation.swift */ = {isa = PBXFileReference; lastKnownFileType = sourcecode.swift; path = InsertOperation.swift; sourceTree = "<group>"; };
		CBA99EA12503B58A008048F1 /* Calculator!.app */ = {isa = PBXFileReference; explicitFileType = wrapper.application; includeInIndex = 0; path = "Calculator!.app"; sourceTree = BUILT_PRODUCTS_DIR; };
		CBA99EA42503B58A008048F1 /* AppDelegate.swift */ = {isa = PBXFileReference; lastKnownFileType = sourcecode.swift; path = AppDelegate.swift; sourceTree = "<group>"; };
		CBA99EA62503B58A008048F1 /* SceneDelegate.swift */ = {isa = PBXFileReference; lastKnownFileType = sourcecode.swift; path = SceneDelegate.swift; sourceTree = "<group>"; };
		CBA99EA82503B58A008048F1 /* MainViewController.swift */ = {isa = PBXFileReference; lastKnownFileType = sourcecode.swift; path = MainViewController.swift; sourceTree = "<group>"; };
		CBA99EAB2503B58A008048F1 /* Base */ = {isa = PBXFileReference; lastKnownFileType = file.storyboard; name = Base; path = Base.lproj/Main.storyboard; sourceTree = "<group>"; };
		CBA99EAD2503B58B008048F1 /* Assets.xcassets */ = {isa = PBXFileReference; lastKnownFileType = folder.assetcatalog; path = Assets.xcassets; sourceTree = "<group>"; };
		CBA99EB22503B58B008048F1 /* Info.plist */ = {isa = PBXFileReference; lastKnownFileType = text.plist.xml; path = Info.plist; sourceTree = "<group>"; };
		CBA99EB72503B58B008048F1 /* Calculator!Tests.xctest */ = {isa = PBXFileReference; explicitFileType = wrapper.cfbundle; includeInIndex = 0; path = "Calculator!Tests.xctest"; sourceTree = BUILT_PRODUCTS_DIR; };
		CBA99EBB2503B58B008048F1 /* Calculator_Tests.swift */ = {isa = PBXFileReference; lastKnownFileType = sourcecode.swift; path = Calculator_Tests.swift; sourceTree = "<group>"; };
		CBA99EC22503B58B008048F1 /* Calculator!UITests.xctest */ = {isa = PBXFileReference; explicitFileType = wrapper.cfbundle; includeInIndex = 0; path = "Calculator!UITests.xctest"; sourceTree = BUILT_PRODUCTS_DIR; };
		CBA99EC62503B58B008048F1 /* Calculator_UITests.swift */ = {isa = PBXFileReference; lastKnownFileType = sourcecode.swift; path = Calculator_UITests.swift; sourceTree = "<group>"; };
		CBA99ED42503C98F008048F1 /* RoundButton.swift */ = {isa = PBXFileReference; lastKnownFileType = sourcecode.swift; path = RoundButton.swift; sourceTree = "<group>"; };
		CBB8A77A250EB859005C4E9C /* String.swift */ = {isa = PBXFileReference; lastKnownFileType = sourcecode.swift; path = String.swift; sourceTree = "<group>"; };
		CBBA368725265B7D00148473 /* HistoryViewController.swift */ = {isa = PBXFileReference; lastKnownFileType = sourcecode.swift; path = HistoryViewController.swift; sourceTree = "<group>"; };
		CBBA368E25265F1E00148473 /* UIView.swift */ = {isa = PBXFileReference; lastKnownFileType = sourcecode.swift; path = UIView.swift; sourceTree = "<group>"; };
		CBBA36A525267DA800148473 /* CalcCell.swift */ = {isa = PBXFileReference; lastKnownFileType = sourcecode.swift; path = CalcCell.swift; sourceTree = "<group>"; };
		CBC079922524C52300BD25E1 /* GoodbyeStoryboard.playground */ = {isa = PBXFileReference; lastKnownFileType = file.playground; path = GoodbyeStoryboard.playground; sourceTree = "<group>"; xcLanguageSpecificationIdentifier = xcode.lang.swift; };
		CBC47F052538D3040086324F /* HistoryServiceImplementation.swift */ = {isa = PBXFileReference; lastKnownFileType = sourcecode.swift; path = HistoryServiceImplementation.swift; sourceTree = "<group>"; };
		CBC47F1A2539B9490086324F /* HistoryTranlator.swift */ = {isa = PBXFileReference; lastKnownFileType = sourcecode.swift; path = HistoryTranlator.swift; sourceTree = "<group>"; };
		CBC47F1F253A15710086324F /* Sampler.swift */ = {isa = PBXFileReference; fileEncoding = 4; lastKnownFileType = sourcecode.swift; name = Sampler.swift; path = ../../../../../Downloads/Sampler.swift; sourceTree = "<group>"; };
		CBCC9119252E01CB00C2ABBD /* MVP.playground */ = {isa = PBXFileReference; lastKnownFileType = file.playground; path = MVP.playground; sourceTree = "<group>"; xcLanguageSpecificationIdentifier = xcode.lang.swift; };
		CBCC911D252E068000C2ABBD /* HistoryPlainObject.swift */ = {isa = PBXFileReference; lastKnownFileType = sourcecode.swift; path = HistoryPlainObject.swift; sourceTree = "<group>"; };
		CBCC9122252E075300C2ABBD /* HistoryPresenter.swift */ = {isa = PBXFileReference; lastKnownFileType = sourcecode.swift; path = HistoryPresenter.swift; sourceTree = "<group>"; };
		CBCC9136252E46B200C2ABBD /* HistoryAssembly.swift */ = {isa = PBXFileReference; lastKnownFileType = sourcecode.swift; path = HistoryAssembly.swift; sourceTree = "<group>"; };
		CBE47DB02522261800BECDBE /* FittableFontLabel.swift */ = {isa = PBXFileReference; lastKnownFileType = sourcecode.swift; path = FittableFontLabel.swift; sourceTree = "<group>"; };
		CBE47DBB2522269000BECDBE /* UILabel.swift */ = {isa = PBXFileReference; lastKnownFileType = sourcecode.swift; path = UILabel.swift; sourceTree = "<group>"; };
		CBE47DC625222DCC00BECDBE /* MathExpressionParser.swift */ = {isa = PBXFileReference; lastKnownFileType = sourcecode.swift; path = MathExpressionParser.swift; sourceTree = "<group>"; };
		CBEB95B2253DD60000E5C43D /* AssembliesCollector.swift */ = {isa = PBXFileReference; fileEncoding = 4; lastKnownFileType = sourcecode.swift; path = AssembliesCollector.swift; sourceTree = "<group>"; };
		CBEB95B3253DD60100E5C43D /* ApplicationAssembliesCollector.swift */ = {isa = PBXFileReference; fileEncoding = 4; lastKnownFileType = sourcecode.swift; path = ApplicationAssembliesCollector.swift; sourceTree = "<group>"; };
		CBEB95B4253DD60100E5C43D /* CollectableAssembly.swift */ = {isa = PBXFileReference; fileEncoding = 4; lastKnownFileType = sourcecode.swift; path = CollectableAssembly.swift; sourceTree = "<group>"; };
		CBEB95B5253DD60200E5C43D /* AssembliesHolder.swift */ = {isa = PBXFileReference; fileEncoding = 4; lastKnownFileType = sourcecode.swift; path = AssembliesHolder.swift; sourceTree = "<group>"; };
		CBFEEA3E251CF2120007E6FD /* SelectableLabel.swift */ = {isa = PBXFileReference; lastKnownFileType = sourcecode.swift; path = SelectableLabel.swift; sourceTree = "<group>"; };
		D47C41896152902CB5A3875C /* Pods-Calculator!.debug.xcconfig */ = {isa = PBXFileReference; includeInIndex = 1; lastKnownFileType = text.xcconfig; name = "Pods-Calculator!.debug.xcconfig"; path = "Target Support Files/Pods-Calculator!/Pods-Calculator!.debug.xcconfig"; sourceTree = "<group>"; };
		D8584CE8CB61EC8E4E018257 /* Pods-Calculator!.release.xcconfig */ = {isa = PBXFileReference; includeInIndex = 1; lastKnownFileType = text.xcconfig; name = "Pods-Calculator!.release.xcconfig"; path = "Target Support Files/Pods-Calculator!/Pods-Calculator!.release.xcconfig"; sourceTree = "<group>"; };
/* End PBXFileReference section */

/* Begin PBXFrameworksBuildPhase section */
		CBA99E9E2503B58A008048F1 /* Frameworks */ = {
			isa = PBXFrameworksBuildPhase;
			buildActionMask = 2147483647;
			files = (
				CB7A63CB253CD54200F262BC /* Pods_Calculator_.framework in Frameworks */,
			);
			runOnlyForDeploymentPostprocessing = 0;
		};
		CBA99EB42503B58B008048F1 /* Frameworks */ = {
			isa = PBXFrameworksBuildPhase;
			buildActionMask = 2147483647;
			files = (
			);
			runOnlyForDeploymentPostprocessing = 0;
		};
		CBA99EBF2503B58B008048F1 /* Frameworks */ = {
			isa = PBXFrameworksBuildPhase;
			buildActionMask = 2147483647;
			files = (
			);
			runOnlyForDeploymentPostprocessing = 0;
		};
/* End PBXFrameworksBuildPhase section */

/* Begin PBXGroup section */
		0F86A96D768D5D3AA2542CD3 /* Pods */ = {
			isa = PBXGroup;
			children = (
				D47C41896152902CB5A3875C /* Pods-Calculator!.debug.xcconfig */,
				D8584CE8CB61EC8E4E018257 /* Pods-Calculator!.release.xcconfig */,
			);
			path = Pods;
			sourceTree = "<group>";
		};
		33298627251E76E400CB249C /* CalculationAlgorithm */ = {
			isa = PBXGroup;
			children = (
				3329862E251E770400CB249C /* Concrete */,
				33298628251E76E900CB249C /* Protocols */,
			);
			path = CalculationAlgorithm;
			sourceTree = "<group>";
		};
		33298628251E76E900CB249C /* Protocols */ = {
			isa = PBXGroup;
			children = (
				33298629251E76F800CB249C /* CalculationAlgorithm.swift */,
			);
			path = Protocols;
			sourceTree = "<group>";
		};
		3329862E251E770400CB249C /* Concrete */ = {
			isa = PBXGroup;
			children = (
				CB5BADB12508368100AD4E0A /* Notation.swift */,
			);
			path = Concrete;
			sourceTree = "<group>";
		};
		CB11BA692530C36200FFBE86 /* History */ = {
			isa = PBXGroup;
			children = (
				CB1DAEFB252CBAC1009B3EC5 /* HistoryModule */,
			);
			path = History;
			sourceTree = "<group>";
		};
		CB11BA6A2530C39000FFBE86 /* AlgorithmsForCalculator */ = {
			isa = PBXGroup;
			children = (
				33298627251E76E400CB249C /* CalculationAlgorithm */,
				CBE47DC025222D4500BECDBE /* ParserAlgorithm */,
			);
			path = AlgorithmsForCalculator;
			sourceTree = "<group>";
		};
		CB1DAEF1252CB9C5009B3EC5 /* MainModule */ = {
			isa = PBXGroup;
			children = (
				CB1DAEFA252CBA98009B3EC5 /* View */,
				CB1DAEF2252CB9E2009B3EC5 /* Protocols */,
			);
			path = MainModule;
			sourceTree = "<group>";
		};
		CB1DAEF2252CB9E2009B3EC5 /* Protocols */ = {
			isa = PBXGroup;
			children = (
				CB1DAEFF252CBC37009B3EC5 /* MainViewControllerDelegate.swift */,
			);
			path = Protocols;
			sourceTree = "<group>";
		};
		CB1DAEF4252CBA0D009B3EC5 /* UIButton */ = {
			isa = PBXGroup;
			children = (
				CBA99ED42503C98F008048F1 /* RoundButton.swift */,
			);
			path = UIButton;
			sourceTree = "<group>";
		};
		CB1DAEF5252CBA3B009B3EC5 /* UILabel */ = {
			isa = PBXGroup;
			children = (
				CBFEEA3E251CF2120007E6FD /* SelectableLabel.swift */,
			);
			path = UILabel;
			sourceTree = "<group>";
		};
		CB1DAEF9252CBA6B009B3EC5 /* Structures */ = {
			isa = PBXGroup;
			children = (
				CB5BADAF2508323800AD4E0A /* Stack.swift */,
			);
			path = Structures;
			sourceTree = "<group>";
		};
		CB1DAEFA252CBA98009B3EC5 /* View */ = {
			isa = PBXGroup;
			children = (
				CBA99EAA2503B58A008048F1 /* Main.storyboard */,
				CBA99EA82503B58A008048F1 /* MainViewController.swift */,
				CB1DAEF5252CBA3B009B3EC5 /* UILabel */,
				CB1DAEF4252CBA0D009B3EC5 /* UIButton */,
				CB1DAEFE252CBBDB009B3EC5 /* Inseration */,
			);
			path = View;
			sourceTree = "<group>";
		};
		CB1DAEFB252CBAC1009B3EC5 /* HistoryModule */ = {
			isa = PBXGroup;
			children = (
				CBBE1BF92530BA4200EEA5DF /* Assembly */,
				CBCC912C252E10D200C2ABBD /* Presenter */,
				CBCC912B252E10B600C2ABBD /* View */,
				CBCC912A252E10A100C2ABBD /* Model */,
			);
			path = HistoryModule;
			sourceTree = "<group>";
		};
		CB1DAEFC252CBB06009B3EC5 /* UITableViewCell */ = {
			isa = PBXGroup;
			children = (
				CBBA36A525267DA800148473 /* CalcCell.swift */,
			);
			path = UITableViewCell;
			sourceTree = "<group>";
		};
		CB1DAEFE252CBBDB009B3EC5 /* Inseration */ = {
			isa = PBXGroup;
			children = (
				CB966DE02517CA460095D15C /* InsertOperation.swift */,
			);
			path = Inseration;
			sourceTree = "<group>";
		};
		CB41794C2530494700702775 /* BusinessLayer */ = {
			isa = PBXGroup;
			children = (
				CB11BA6A2530C39000FFBE86 /* AlgorithmsForCalculator */,
				CB41794D2530497F00702775 /* Services */,
			);
			path = BusinessLayer;
			sourceTree = "<group>";
		};
		CB41794D2530497F00702775 /* Services */ = {
			isa = PBXGroup;
			children = (
				CB41794E253049DC00702775 /* HistoryService */,
			);
			path = Services;
			sourceTree = "<group>";
		};
		CB41794E253049DC00702775 /* HistoryService */ = {
			isa = PBXGroup;
			children = (
				CBC47F1F253A15710086324F /* Sampler.swift */,
				CB41794F25304A2D00702775 /* HistoryService.swift */,
				CB7A636A253CC46000F262BC /* Assembly */,
				CBC47F052538D3040086324F /* HistoryServiceImplementation.swift */,
				CBC47F1A2539B9490086324F /* HistoryTranlator.swift */,
			);
			path = HistoryService;
			sourceTree = "<group>";
		};
		CB41798625309D2600702775 /* UIViewController */ = {
			isa = PBXGroup;
			children = (
				CBBA368725265B7D00148473 /* HistoryViewController.swift */,
				CB1DAEFC252CBB06009B3EC5 /* UITableViewCell */,
			);
			path = UIViewController;
			sourceTree = "<group>";
		};
		CB41798725309D5200702775 /* Protocols */ = {
			isa = PBXGroup;
			children = (
				CB41798825309D7500702775 /* HistoryViewOutput.swift */,
				CB41798D25309D8C00702775 /* HistoryViewInput.swift */,
			);
			path = Protocols;
			sourceTree = "<group>";
		};
		CB45028F251FCAC200244ECF /* PresentationLayer */ = {
			isa = PBXGroup;
			children = (
				CB450290251FCADD00244ECF /* Extensions */,
				CB450296251FCAFE00244ECF /* Views */,
			);
			path = PresentationLayer;
			sourceTree = "<group>";
		};
		CB450290251FCADD00244ECF /* Extensions */ = {
			isa = PBXGroup;
			children = (
				CBE47DBB2522269000BECDBE /* UILabel.swift */,
			);
			path = Extensions;
			sourceTree = "<group>";
		};
		CB450296251FCAFE00244ECF /* Views */ = {
			isa = PBXGroup;
			children = (
				CBBA368C25265EB900148473 /* UIView */,
				CB450297251FCB0A00244ECF /* FittableFontLabel */,
			);
			path = Views;
			sourceTree = "<group>";
		};
		CB450297251FCB0A00244ECF /* FittableFontLabel */ = {
			isa = PBXGroup;
			children = (
				CBE47DB02522261800BECDBE /* FittableFontLabel.swift */,
			);
			path = FittableFontLabel;
			sourceTree = "<group>";
		};
		CB7A636A253CC46000F262BC /* Assembly */ = {
			isa = PBXGroup;
			children = (
				CB7A6365253CC45000F262BC /* HistoryServiceAssembly.swift */,
			);
			path = Assembly;
			sourceTree = "<group>";
		};
		CB7A63D8253D7A7100F262BC /* Collector */ = {
			isa = PBXGroup;
			children = (
				CBEB95B3253DD60100E5C43D /* ApplicationAssembliesCollector.swift */,
				CBEB95B2253DD60000E5C43D /* AssembliesCollector.swift */,
				CBEB95B5253DD60200E5C43D /* AssembliesHolder.swift */,
				CBEB95B4253DD60100E5C43D /* CollectableAssembly.swift */,
			);
			path = Collector;
			sourceTree = "<group>";
		};
		CB7B5586252B38DE00B9613B /* DataLayer */ = {
			isa = PBXGroup;
			children = (
				CB41795425304C0B00702775 /* HistoryModelObject.swift */,
				CB7B5555252B1FBC00B9613B /* HistoryModel.xcdatamodeld */,
			);
			path = DataLayer;
			sourceTree = "<group>";
		};
		CB7B558D252B39A200B9613B /* Playgrounds */ = {
			isa = PBXGroup;
			children = (
				CB5BADB62508D38D00AD4E0A /* MyPlayground.playground */,
				CBC079922524C52300BD25E1 /* GoodbyeStoryboard.playground */,
				CBCC9119252E01CB00C2ABBD /* MVP.playground */,
			);
			path = Playgrounds;
			sourceTree = "<group>";
		};
		CBA99E982503B58A008048F1 = {
			isa = PBXGroup;
			children = (
				CBA99EA42503B58A008048F1 /* AppDelegate.swift */,
				CBA99EA62503B58A008048F1 /* SceneDelegate.swift */,
				CB7A63D8253D7A7100F262BC /* Collector */,
				CBE47DA22522230400BECDBE /* CoreLayer */,
				CB41794C2530494700702775 /* BusinessLayer */,
				CB45028F251FCAC200244ECF /* PresentationLayer */,
				CB7B5586252B38DE00B9613B /* DataLayer */,
				CBA99EA32503B58A008048F1 /* Calculator */,
				CB11BA692530C36200FFBE86 /* History */,
				CBA99EBA2503B58B008048F1 /* Calculator!Tests */,
				CBA99EC52503B58B008048F1 /* Calculator!UITests */,
				CBA99EA22503B58A008048F1 /* Products */,
				CB7B558D252B39A200B9613B /* Playgrounds */,
				CBA99EAD2503B58B008048F1 /* Assets.xcassets */,
				0F86A96D768D5D3AA2542CD3 /* Pods */,
				EBCA241C7A146C7DBA7A1F36 /* Frameworks */,
			);
			sourceTree = "<group>";
		};
		CBA99EA22503B58A008048F1 /* Products */ = {
			isa = PBXGroup;
			children = (
				CBA99EA12503B58A008048F1 /* Calculator!.app */,
				CBA99EB72503B58B008048F1 /* Calculator!Tests.xctest */,
				CBA99EC22503B58B008048F1 /* Calculator!UITests.xctest */,
			);
			name = Products;
			sourceTree = "<group>";
		};
		CBA99EA32503B58A008048F1 /* Calculator */ = {
			isa = PBXGroup;
			children = (
				CBA99EB22503B58B008048F1 /* Info.plist */,
				CB1DAEF1252CB9C5009B3EC5 /* MainModule */,
			);
			path = Calculator;
			sourceTree = "<group>";
		};
		CBA99EBA2503B58B008048F1 /* Calculator!Tests */ = {
			isa = PBXGroup;
			children = (
				CBA99EBB2503B58B008048F1 /* Calculator_Tests.swift */,
			);
			path = "Calculator!Tests";
			sourceTree = "<group>";
		};
		CBA99EC52503B58B008048F1 /* Calculator!UITests */ = {
			isa = PBXGroup;
			children = (
				CBA99EC62503B58B008048F1 /* Calculator_UITests.swift */,
			);
			path = "Calculator!UITests";
			sourceTree = "<group>";
		};
		CBBA368C25265EB900148473 /* UIView */ = {
			isa = PBXGroup;
			children = (
				CBBA368D25265EE400148473 /* Extensions */,
			);
			path = UIView;
			sourceTree = "<group>";
		};
		CBBA368D25265EE400148473 /* Extensions */ = {
			isa = PBXGroup;
			children = (
				CBBA368E25265F1E00148473 /* UIView.swift */,
			);
			path = Extensions;
			sourceTree = "<group>";
		};
		CBBE1BF92530BA4200EEA5DF /* Assembly */ = {
			isa = PBXGroup;
			children = (
				CBCC9136252E46B200C2ABBD /* HistoryAssembly.swift */,
			);
			path = Assembly;
			sourceTree = "<group>";
		};
		CBCC912A252E10A100C2ABBD /* Model */ = {
			isa = PBXGroup;
			children = (
				CBCC911D252E068000C2ABBD /* HistoryPlainObject.swift */,
			);
			path = Model;
			sourceTree = "<group>";
		};
		CBCC912B252E10B600C2ABBD /* View */ = {
			isa = PBXGroup;
			children = (
				CB41798725309D5200702775 /* Protocols */,
				CB41798625309D2600702775 /* UIViewController */,
			);
			path = View;
			sourceTree = "<group>";
		};
		CBCC912C252E10D200C2ABBD /* Presenter */ = {
			isa = PBXGroup;
			children = (
				CBCC9122252E075300C2ABBD /* HistoryPresenter.swift */,
			);
			path = Presenter;
			sourceTree = "<group>";
		};
		CBE47DA22522230400BECDBE /* CoreLayer */ = {
			isa = PBXGroup;
			children = (
				CB1DAEF9252CBA6B009B3EC5 /* Structures */,
				CBE47DA32522231E00BECDBE /* Extensions */,
			);
			path = CoreLayer;
			sourceTree = "<group>";
		};
		CBE47DA32522231E00BECDBE /* Extensions */ = {
			isa = PBXGroup;
			children = (
				CBB8A77A250EB859005C4E9C /* String.swift */,
				CB7A6360253CBE3000F262BC /* Optional.swift */,
			);
			path = Extensions;
			sourceTree = "<group>";
		};
		CBE47DC025222D4500BECDBE /* ParserAlgorithm */ = {
			isa = PBXGroup;
			children = (
				CBE47DC225222D7A00BECDBE /* Concrete */,
				CBE47DC125222D6600BECDBE /* Protocols */,
			);
			path = ParserAlgorithm;
			sourceTree = "<group>";
		};
		CBE47DC125222D6600BECDBE /* Protocols */ = {
			isa = PBXGroup;
			children = (
				CB028BDD252117DC00A70A51 /* ParserProtocol.swift */,
			);
			path = Protocols;
			sourceTree = "<group>";
		};
		CBE47DC225222D7A00BECDBE /* Concrete */ = {
			isa = PBXGroup;
			children = (
				CBE47DC625222DCC00BECDBE /* MathExpressionParser.swift */,
			);
			path = Concrete;
			sourceTree = "<group>";
		};
		EBCA241C7A146C7DBA7A1F36 /* Frameworks */ = {
			isa = PBXGroup;
			children = (
				5C7EC4A84E157AACF4CB1A61 /* Pods_Calculator_.framework */,
			);
			name = Frameworks;
			sourceTree = "<group>";
		};
/* End PBXGroup section */

/* Begin PBXNativeTarget section */
		CBA99EA02503B58A008048F1 /* Calculator! */ = {
			isa = PBXNativeTarget;
			buildConfigurationList = CBA99ECB2503B58B008048F1 /* Build configuration list for PBXNativeTarget "Calculator!" */;
			buildPhases = (
				55FECCD8C7D14424C32EEEE3 /* [CP] Check Pods Manifest.lock */,
				CBA99E9D2503B58A008048F1 /* Sources */,
				CBA99E9E2503B58A008048F1 /* Frameworks */,
				CBA99E9F2503B58A008048F1 /* Resources */,
				3C71A1040601E89DB6C40C84 /* [CP] Embed Pods Frameworks */,
			);
			buildRules = (
			);
			dependencies = (
			);
			name = "Calculator!";
			productName = "Calculator!";
			productReference = CBA99EA12503B58A008048F1 /* Calculator!.app */;
			productType = "com.apple.product-type.application";
		};
		CBA99EB62503B58B008048F1 /* Calculator!Tests */ = {
			isa = PBXNativeTarget;
			buildConfigurationList = CBA99ECE2503B58B008048F1 /* Build configuration list for PBXNativeTarget "Calculator!Tests" */;
			buildPhases = (
				CBA99EB32503B58B008048F1 /* Sources */,
				CBA99EB42503B58B008048F1 /* Frameworks */,
				CBA99EB52503B58B008048F1 /* Resources */,
			);
			buildRules = (
			);
			dependencies = (
				CBA99EB92503B58B008048F1 /* PBXTargetDependency */,
			);
			name = "Calculator!Tests";
			productName = "Calculator!Tests";
			productReference = CBA99EB72503B58B008048F1 /* Calculator!Tests.xctest */;
			productType = "com.apple.product-type.bundle.unit-test";
		};
		CBA99EC12503B58B008048F1 /* Calculator!UITests */ = {
			isa = PBXNativeTarget;
			buildConfigurationList = CBA99ED12503B58B008048F1 /* Build configuration list for PBXNativeTarget "Calculator!UITests" */;
			buildPhases = (
				CBA99EBE2503B58B008048F1 /* Sources */,
				CBA99EBF2503B58B008048F1 /* Frameworks */,
				CBA99EC02503B58B008048F1 /* Resources */,
			);
			buildRules = (
			);
			dependencies = (
				CBA99EC42503B58B008048F1 /* PBXTargetDependency */,
			);
			name = "Calculator!UITests";
			productName = "Calculator!UITests";
			productReference = CBA99EC22503B58B008048F1 /* Calculator!UITests.xctest */;
			productType = "com.apple.product-type.bundle.ui-testing";
		};
/* End PBXNativeTarget section */

/* Begin PBXProject section */
		CBA99E992503B58A008048F1 /* Project object */ = {
			isa = PBXProject;
			attributes = {
				LastSwiftUpdateCheck = 1170;
				LastUpgradeCheck = 1200;
				ORGANIZATIONNAME = "Дмитрий Савинов";
				TargetAttributes = {
					CBA99EA02503B58A008048F1 = {
						CreatedOnToolsVersion = 11.7;
					};
					CBA99EB62503B58B008048F1 = {
						CreatedOnToolsVersion = 11.7;
						TestTargetID = CBA99EA02503B58A008048F1;
					};
					CBA99EC12503B58B008048F1 = {
						CreatedOnToolsVersion = 11.7;
						TestTargetID = CBA99EA02503B58A008048F1;
					};
				};
			};
			buildConfigurationList = CBA99E9C2503B58A008048F1 /* Build configuration list for PBXProject "Calculator!" */;
			compatibilityVersion = "Xcode 9.3";
			developmentRegion = en;
			hasScannedForEncodings = 0;
			knownRegions = (
				en,
				Base,
			);
			mainGroup = CBA99E982503B58A008048F1;
			productRefGroup = CBA99EA22503B58A008048F1 /* Products */;
			projectDirPath = "";
			projectRoot = "";
			targets = (
				CBA99EA02503B58A008048F1 /* Calculator! */,
				CBA99EB62503B58B008048F1 /* Calculator!Tests */,
				CBA99EC12503B58B008048F1 /* Calculator!UITests */,
			);
		};
/* End PBXProject section */

/* Begin PBXResourcesBuildPhase section */
		CBA99E9F2503B58A008048F1 /* Resources */ = {
			isa = PBXResourcesBuildPhase;
			buildActionMask = 2147483647;
			files = (
				CBA99EAE2503B58B008048F1 /* Assets.xcassets in Resources */,
				CBA99EAC2503B58A008048F1 /* Main.storyboard in Resources */,
			);
			runOnlyForDeploymentPostprocessing = 0;
		};
		CBA99EB52503B58B008048F1 /* Resources */ = {
			isa = PBXResourcesBuildPhase;
			buildActionMask = 2147483647;
			files = (
			);
			runOnlyForDeploymentPostprocessing = 0;
		};
		CBA99EC02503B58B008048F1 /* Resources */ = {
			isa = PBXResourcesBuildPhase;
			buildActionMask = 2147483647;
			files = (
			);
			runOnlyForDeploymentPostprocessing = 0;
		};
/* End PBXResourcesBuildPhase section */

/* Begin PBXShellScriptBuildPhase section */
		3C71A1040601E89DB6C40C84 /* [CP] Embed Pods Frameworks */ = {
			isa = PBXShellScriptBuildPhase;
			buildActionMask = 2147483647;
			files = (
			);
			inputFileListPaths = (
				"${PODS_ROOT}/Target Support Files/Pods-Calculator!/Pods-Calculator!-frameworks-${CONFIGURATION}-input-files.xcfilelist",
			);
			name = "[CP] Embed Pods Frameworks";
			outputFileListPaths = (
				"${PODS_ROOT}/Target Support Files/Pods-Calculator!/Pods-Calculator!-frameworks-${CONFIGURATION}-output-files.xcfilelist",
			);
			runOnlyForDeploymentPostprocessing = 0;
			shellPath = /bin/sh;
			shellScript = "\"${PODS_ROOT}/Target Support Files/Pods-Calculator!/Pods-Calculator!-frameworks.sh\"\n";
			showEnvVarsInLog = 0;
		};
		55FECCD8C7D14424C32EEEE3 /* [CP] Check Pods Manifest.lock */ = {
			isa = PBXShellScriptBuildPhase;
			buildActionMask = 2147483647;
			files = (
			);
			inputFileListPaths = (
			);
			inputPaths = (
				"${PODS_PODFILE_DIR_PATH}/Podfile.lock",
				"${PODS_ROOT}/Manifest.lock",
			);
			name = "[CP] Check Pods Manifest.lock";
			outputFileListPaths = (
			);
			outputPaths = (
				"$(DERIVED_FILE_DIR)/Pods-Calculator!-checkManifestLockResult.txt",
			);
			runOnlyForDeploymentPostprocessing = 0;
			shellPath = /bin/sh;
			shellScript = "diff \"${PODS_PODFILE_DIR_PATH}/Podfile.lock\" \"${PODS_ROOT}/Manifest.lock\" > /dev/null\nif [ $? != 0 ] ; then\n    # print error to STDERR\n    echo \"error: The sandbox is not in sync with the Podfile.lock. Run 'pod install' or update your CocoaPods installation.\" >&2\n    exit 1\nfi\n# This output is used by Xcode 'outputs' to avoid re-running this script phase.\necho \"SUCCESS\" > \"${SCRIPT_OUTPUT_FILE_0}\"\n";
			showEnvVarsInLog = 0;
		};
/* End PBXShellScriptBuildPhase section */

/* Begin PBXSourcesBuildPhase section */
		CBA99E9D2503B58A008048F1 /* Sources */ = {
			isa = PBXSourcesBuildPhase;
			buildActionMask = 2147483647;
			files = (
				CB7A6366253CC45000F262BC /* HistoryServiceAssembly.swift in Sources */,
				CBBA36A625267DA800148473 /* CalcCell.swift in Sources */,
				CBBA368F25265F1E00148473 /* UIView.swift in Sources */,
				CBEB95B6253DD60200E5C43D /* AssembliesCollector.swift in Sources */,
				CBEB95B7253DD60200E5C43D /* ApplicationAssembliesCollector.swift in Sources */,
				CBC47F1B2539B9490086324F /* HistoryTranlator.swift in Sources */,
				CBA99ED52503C98F008048F1 /* RoundButton.swift in Sources */,
				CBCC9137252E46B200C2ABBD /* HistoryAssembly.swift in Sources */,
				CBE47DBC2522269000BECDBE /* UILabel.swift in Sources */,
				CBA99EA92503B58A008048F1 /* MainViewController.swift in Sources */,
				CBFEEA3F251CF2120007E6FD /* SelectableLabel.swift in Sources */,
				CB41795525304C0B00702775 /* HistoryModelObject.swift in Sources */,
				CB028BDE252117DC00A70A51 /* ParserProtocol.swift in Sources */,
				3329862A251E76F800CB249C /* CalculationAlgorithm.swift in Sources */,
				CB7A6361253CBE3000F262BC /* Optional.swift in Sources */,
				CBC47F062538D3040086324F /* HistoryServiceImplementation.swift in Sources */,
				CBE47DC725222DCC00BECDBE /* MathExpressionParser.swift in Sources */,
				CBA99EA52503B58A008048F1 /* AppDelegate.swift in Sources */,
				CB5BADB22508368100AD4E0A /* Notation.swift in Sources */,
				CB41795025304A2D00702775 /* HistoryService.swift in Sources */,
				CB5BADB02508323800AD4E0A /* Stack.swift in Sources */,
				CBCC911E252E068000C2ABBD /* HistoryPlainObject.swift in Sources */,
				CBA99EA72503B58A008048F1 /* SceneDelegate.swift in Sources */,
				CB41798E25309D8C00702775 /* HistoryViewInput.swift in Sources */,
				CBEB95B8253DD60200E5C43D /* CollectableAssembly.swift in Sources */,
				CB966DE12517CA460095D15C /* InsertOperation.swift in Sources */,
				CBE47DB12522261800BECDBE /* FittableFontLabel.swift in Sources */,
				CBC47F20253A15710086324F /* Sampler.swift in Sources */,
				CB41798925309D7500702775 /* HistoryViewOutput.swift in Sources */,
				CBCC9123252E075300C2ABBD /* HistoryPresenter.swift in Sources */,
				CBBA368825265B7D00148473 /* HistoryViewController.swift in Sources */,
				CB1DAEB3252C80DE009B3EC5 /* HistoryModel.xcdatamodeld in Sources */,
				CBB8A77B250EB859005C4E9C /* String.swift in Sources */,
				CB1DAF00252CBC37009B3EC5 /* MainViewControllerDelegate.swift in Sources */,
				CBEB95B9253DD60200E5C43D /* AssembliesHolder.swift in Sources */,
			);
			runOnlyForDeploymentPostprocessing = 0;
		};
		CBA99EB32503B58B008048F1 /* Sources */ = {
			isa = PBXSourcesBuildPhase;
			buildActionMask = 2147483647;
			files = (
				CBA99EBC2503B58B008048F1 /* Calculator_Tests.swift in Sources */,
			);
			runOnlyForDeploymentPostprocessing = 0;
		};
		CBA99EBE2503B58B008048F1 /* Sources */ = {
			isa = PBXSourcesBuildPhase;
			buildActionMask = 2147483647;
			files = (
				CBA99EC72503B58B008048F1 /* Calculator_UITests.swift in Sources */,
			);
			runOnlyForDeploymentPostprocessing = 0;
		};
/* End PBXSourcesBuildPhase section */

/* Begin PBXTargetDependency section */
		CBA99EB92503B58B008048F1 /* PBXTargetDependency */ = {
			isa = PBXTargetDependency;
			target = CBA99EA02503B58A008048F1 /* Calculator! */;
			targetProxy = CBA99EB82503B58B008048F1 /* PBXContainerItemProxy */;
		};
		CBA99EC42503B58B008048F1 /* PBXTargetDependency */ = {
			isa = PBXTargetDependency;
			target = CBA99EA02503B58A008048F1 /* Calculator! */;
			targetProxy = CBA99EC32503B58B008048F1 /* PBXContainerItemProxy */;
		};
/* End PBXTargetDependency section */

/* Begin PBXVariantGroup section */
		CBA99EAA2503B58A008048F1 /* Main.storyboard */ = {
			isa = PBXVariantGroup;
			children = (
				CBA99EAB2503B58A008048F1 /* Base */,
			);
			name = Main.storyboard;
			sourceTree = "<group>";
		};
/* End PBXVariantGroup section */

/* Begin XCBuildConfiguration section */
		CBA99EC92503B58B008048F1 /* Debug */ = {
			isa = XCBuildConfiguration;
			buildSettings = {
				ALWAYS_SEARCH_USER_PATHS = NO;
				CLANG_ANALYZER_NONNULL = YES;
				CLANG_ANALYZER_NUMBER_OBJECT_CONVERSION = YES_AGGRESSIVE;
				CLANG_CXX_LANGUAGE_STANDARD = "gnu++14";
				CLANG_CXX_LIBRARY = "libc++";
				CLANG_ENABLE_MODULES = YES;
				CLANG_ENABLE_OBJC_ARC = YES;
				CLANG_ENABLE_OBJC_WEAK = YES;
				CLANG_WARN_BLOCK_CAPTURE_AUTORELEASING = YES;
				CLANG_WARN_BOOL_CONVERSION = YES;
				CLANG_WARN_COMMA = YES;
				CLANG_WARN_CONSTANT_CONVERSION = YES;
				CLANG_WARN_DEPRECATED_OBJC_IMPLEMENTATIONS = YES;
				CLANG_WARN_DIRECT_OBJC_ISA_USAGE = YES_ERROR;
				CLANG_WARN_DOCUMENTATION_COMMENTS = YES;
				CLANG_WARN_EMPTY_BODY = YES;
				CLANG_WARN_ENUM_CONVERSION = YES;
				CLANG_WARN_INFINITE_RECURSION = YES;
				CLANG_WARN_INT_CONVERSION = YES;
				CLANG_WARN_NON_LITERAL_NULL_CONVERSION = YES;
				CLANG_WARN_OBJC_IMPLICIT_RETAIN_SELF = YES;
				CLANG_WARN_OBJC_LITERAL_CONVERSION = YES;
				CLANG_WARN_OBJC_ROOT_CLASS = YES_ERROR;
				CLANG_WARN_QUOTED_INCLUDE_IN_FRAMEWORK_HEADER = YES;
				CLANG_WARN_RANGE_LOOP_ANALYSIS = YES;
				CLANG_WARN_STRICT_PROTOTYPES = YES;
				CLANG_WARN_SUSPICIOUS_MOVE = YES;
				CLANG_WARN_UNGUARDED_AVAILABILITY = YES_AGGRESSIVE;
				CLANG_WARN_UNREACHABLE_CODE = YES;
				CLANG_WARN__DUPLICATE_METHOD_MATCH = YES;
				COPY_PHASE_STRIP = NO;
				DEBUG_INFORMATION_FORMAT = dwarf;
				ENABLE_STRICT_OBJC_MSGSEND = YES;
				ENABLE_TESTABILITY = YES;
				GCC_C_LANGUAGE_STANDARD = gnu11;
				GCC_DYNAMIC_NO_PIC = NO;
				GCC_NO_COMMON_BLOCKS = YES;
				GCC_OPTIMIZATION_LEVEL = 0;
				GCC_PREPROCESSOR_DEFINITIONS = (
					"DEBUG=1",
					"$(inherited)",
				);
				GCC_WARN_64_TO_32_BIT_CONVERSION = YES;
				GCC_WARN_ABOUT_RETURN_TYPE = YES_ERROR;
				GCC_WARN_UNDECLARED_SELECTOR = YES;
				GCC_WARN_UNINITIALIZED_AUTOS = YES_AGGRESSIVE;
				GCC_WARN_UNUSED_FUNCTION = YES;
				GCC_WARN_UNUSED_VARIABLE = YES;
				IPHONEOS_DEPLOYMENT_TARGET = 14.0;
				MTL_ENABLE_DEBUG_INFO = INCLUDE_SOURCE;
				MTL_FAST_MATH = YES;
				ONLY_ACTIVE_ARCH = YES;
				SDKROOT = iphoneos;
				SWIFT_ACTIVE_COMPILATION_CONDITIONS = DEBUG;
				SWIFT_OPTIMIZATION_LEVEL = "-Onone";
			};
			name = Debug;
		};
		CBA99ECA2503B58B008048F1 /* Release */ = {
			isa = XCBuildConfiguration;
			buildSettings = {
				ALWAYS_SEARCH_USER_PATHS = NO;
				CLANG_ANALYZER_NONNULL = YES;
				CLANG_ANALYZER_NUMBER_OBJECT_CONVERSION = YES_AGGRESSIVE;
				CLANG_CXX_LANGUAGE_STANDARD = "gnu++14";
				CLANG_CXX_LIBRARY = "libc++";
				CLANG_ENABLE_MODULES = YES;
				CLANG_ENABLE_OBJC_ARC = YES;
				CLANG_ENABLE_OBJC_WEAK = YES;
				CLANG_WARN_BLOCK_CAPTURE_AUTORELEASING = YES;
				CLANG_WARN_BOOL_CONVERSION = YES;
				CLANG_WARN_COMMA = YES;
				CLANG_WARN_CONSTANT_CONVERSION = YES;
				CLANG_WARN_DEPRECATED_OBJC_IMPLEMENTATIONS = YES;
				CLANG_WARN_DIRECT_OBJC_ISA_USAGE = YES_ERROR;
				CLANG_WARN_DOCUMENTATION_COMMENTS = YES;
				CLANG_WARN_EMPTY_BODY = YES;
				CLANG_WARN_ENUM_CONVERSION = YES;
				CLANG_WARN_INFINITE_RECURSION = YES;
				CLANG_WARN_INT_CONVERSION = YES;
				CLANG_WARN_NON_LITERAL_NULL_CONVERSION = YES;
				CLANG_WARN_OBJC_IMPLICIT_RETAIN_SELF = YES;
				CLANG_WARN_OBJC_LITERAL_CONVERSION = YES;
				CLANG_WARN_OBJC_ROOT_CLASS = YES_ERROR;
				CLANG_WARN_QUOTED_INCLUDE_IN_FRAMEWORK_HEADER = YES;
				CLANG_WARN_RANGE_LOOP_ANALYSIS = YES;
				CLANG_WARN_STRICT_PROTOTYPES = YES;
				CLANG_WARN_SUSPICIOUS_MOVE = YES;
				CLANG_WARN_UNGUARDED_AVAILABILITY = YES_AGGRESSIVE;
				CLANG_WARN_UNREACHABLE_CODE = YES;
				CLANG_WARN__DUPLICATE_METHOD_MATCH = YES;
				COPY_PHASE_STRIP = NO;
				DEBUG_INFORMATION_FORMAT = "dwarf-with-dsym";
				ENABLE_NS_ASSERTIONS = NO;
				ENABLE_STRICT_OBJC_MSGSEND = YES;
				GCC_C_LANGUAGE_STANDARD = gnu11;
				GCC_NO_COMMON_BLOCKS = YES;
				GCC_WARN_64_TO_32_BIT_CONVERSION = YES;
				GCC_WARN_ABOUT_RETURN_TYPE = YES_ERROR;
				GCC_WARN_UNDECLARED_SELECTOR = YES;
				GCC_WARN_UNINITIALIZED_AUTOS = YES_AGGRESSIVE;
				GCC_WARN_UNUSED_FUNCTION = YES;
				GCC_WARN_UNUSED_VARIABLE = YES;
				IPHONEOS_DEPLOYMENT_TARGET = 14.0;
				MTL_ENABLE_DEBUG_INFO = NO;
				MTL_FAST_MATH = YES;
				SDKROOT = iphoneos;
				SWIFT_COMPILATION_MODE = wholemodule;
				SWIFT_OPTIMIZATION_LEVEL = "-O";
				VALIDATE_PRODUCT = YES;
			};
			name = Release;
		};
		CBA99ECC2503B58B008048F1 /* Debug */ = {
			isa = XCBuildConfiguration;
			baseConfigurationReference = D47C41896152902CB5A3875C /* Pods-Calculator!.debug.xcconfig */;
			buildSettings = {
				ASSETCATALOG_COMPILER_APPICON_NAME = AppIcon;
				CODE_SIGN_STYLE = Automatic;
				DEVELOPMENT_TEAM = HFD95R9VP2;
				INFOPLIST_FILE = Calculator/Info.plist;
				IPHONEOS_DEPLOYMENT_TARGET = 14.0;
				LD_RUNPATH_SEARCH_PATHS = (
					"$(inherited)",
					"@executable_path/Frameworks",
				);
				PRODUCT_BUNDLE_IDENTIFIER = "Savinov.Calculator-123";
				PRODUCT_NAME = "$(TARGET_NAME)";
				SWIFT_VERSION = 5.0;
				TARGETED_DEVICE_FAMILY = 1;
			};
			name = Debug;
		};
		CBA99ECD2503B58B008048F1 /* Release */ = {
			isa = XCBuildConfiguration;
			baseConfigurationReference = D8584CE8CB61EC8E4E018257 /* Pods-Calculator!.release.xcconfig */;
			buildSettings = {
				ASSETCATALOG_COMPILER_APPICON_NAME = AppIcon;
				CODE_SIGN_STYLE = Automatic;
				DEVELOPMENT_TEAM = HFD95R9VP2;
				INFOPLIST_FILE = Calculator/Info.plist;
				IPHONEOS_DEPLOYMENT_TARGET = 14.0;
				LD_RUNPATH_SEARCH_PATHS = (
					"$(inherited)",
					"@executable_path/Frameworks",
				);
				PRODUCT_BUNDLE_IDENTIFIER = "Savinov.Calculator-123";
				PRODUCT_NAME = "$(TARGET_NAME)";
				SWIFT_VERSION = 5.0;
				TARGETED_DEVICE_FAMILY = 1;
			};
			name = Release;
		};
		CBA99ECF2503B58B008048F1 /* Debug */ = {
			isa = XCBuildConfiguration;
			buildSettings = {
				ALWAYS_EMBED_SWIFT_STANDARD_LIBRARIES = YES;
				BUNDLE_LOADER = "$(TEST_HOST)";
				"CODE_SIGN_IDENTITY[sdk=macosx*]" = "Apple Development";
				CODE_SIGN_STYLE = Automatic;
				DEVELOPMENT_TEAM = HFD95R9VP2;
				INFOPLIST_FILE = "Calculator!Tests/Info.plist";
				IPHONEOS_DEPLOYMENT_TARGET = 14.0;
				LD_RUNPATH_SEARCH_PATHS = (
					"$(inherited)",
					"@executable_path/Frameworks",
					"@loader_path/Frameworks",
				);
				PRODUCT_BUNDLE_IDENTIFIER = "Savinov.Calculator-Tests";
				PRODUCT_NAME = "$(TARGET_NAME)";
				SWIFT_VERSION = 5.0;
				TARGETED_DEVICE_FAMILY = "1,2";
				TEST_HOST = "$(BUILT_PRODUCTS_DIR)/Calculator!.app/Calculator!";
			};
			name = Debug;
		};
		CBA99ED02503B58B008048F1 /* Release */ = {
			isa = XCBuildConfiguration;
			buildSettings = {
				ALWAYS_EMBED_SWIFT_STANDARD_LIBRARIES = YES;
				BUNDLE_LOADER = "$(TEST_HOST)";
				"CODE_SIGN_IDENTITY[sdk=macosx*]" = "Apple Development";
				CODE_SIGN_STYLE = Automatic;
				DEVELOPMENT_TEAM = HFD95R9VP2;
				INFOPLIST_FILE = "Calculator!Tests/Info.plist";
				IPHONEOS_DEPLOYMENT_TARGET = 14.0;
				LD_RUNPATH_SEARCH_PATHS = (
					"$(inherited)",
					"@executable_path/Frameworks",
					"@loader_path/Frameworks",
				);
				PRODUCT_BUNDLE_IDENTIFIER = "Savinov.Calculator-Tests";
				PRODUCT_NAME = "$(TARGET_NAME)";
				SWIFT_VERSION = 5.0;
				TARGETED_DEVICE_FAMILY = "1,2";
				TEST_HOST = "$(BUILT_PRODUCTS_DIR)/Calculator!.app/Calculator!";
			};
			name = Release;
		};
		CBA99ED22503B58B008048F1 /* Debug */ = {
			isa = XCBuildConfiguration;
			buildSettings = {
				ALWAYS_EMBED_SWIFT_STANDARD_LIBRARIES = YES;
				CODE_SIGN_STYLE = Automatic;
				DEVELOPMENT_TEAM = HFD95R9VP2;
				INFOPLIST_FILE = "Calculator!UITests/Info.plist";
				LD_RUNPATH_SEARCH_PATHS = (
					"$(inherited)",
					"@executable_path/Frameworks",
					"@loader_path/Frameworks",
				);
				PRODUCT_BUNDLE_IDENTIFIER = "Savinov.Calculator-UITests";
				PRODUCT_NAME = "$(TARGET_NAME)";
				SWIFT_VERSION = 5.0;
				TARGETED_DEVICE_FAMILY = "1,2";
				TEST_TARGET_NAME = "Calculator!";
			};
			name = Debug;
		};
		CBA99ED32503B58B008048F1 /* Release */ = {
			isa = XCBuildConfiguration;
			buildSettings = {
				ALWAYS_EMBED_SWIFT_STANDARD_LIBRARIES = YES;
				CODE_SIGN_STYLE = Automatic;
				DEVELOPMENT_TEAM = HFD95R9VP2;
				INFOPLIST_FILE = "Calculator!UITests/Info.plist";
				LD_RUNPATH_SEARCH_PATHS = (
					"$(inherited)",
					"@executable_path/Frameworks",
					"@loader_path/Frameworks",
				);
				PRODUCT_BUNDLE_IDENTIFIER = "Savinov.Calculator-UITests";
				PRODUCT_NAME = "$(TARGET_NAME)";
				SWIFT_VERSION = 5.0;
				TARGETED_DEVICE_FAMILY = "1,2";
				TEST_TARGET_NAME = "Calculator!";
			};
			name = Release;
		};
/* End XCBuildConfiguration section */

/* Begin XCConfigurationList section */
		CBA99E9C2503B58A008048F1 /* Build configuration list for PBXProject "Calculator!" */ = {
			isa = XCConfigurationList;
			buildConfigurations = (
				CBA99EC92503B58B008048F1 /* Debug */,
				CBA99ECA2503B58B008048F1 /* Release */,
			);
			defaultConfigurationIsVisible = 0;
			defaultConfigurationName = Release;
		};
		CBA99ECB2503B58B008048F1 /* Build configuration list for PBXNativeTarget "Calculator!" */ = {
			isa = XCConfigurationList;
			buildConfigurations = (
				CBA99ECC2503B58B008048F1 /* Debug */,
				CBA99ECD2503B58B008048F1 /* Release */,
			);
			defaultConfigurationIsVisible = 0;
			defaultConfigurationName = Release;
		};
		CBA99ECE2503B58B008048F1 /* Build configuration list for PBXNativeTarget "Calculator!Tests" */ = {
			isa = XCConfigurationList;
			buildConfigurations = (
				CBA99ECF2503B58B008048F1 /* Debug */,
				CBA99ED02503B58B008048F1 /* Release */,
			);
			defaultConfigurationIsVisible = 0;
			defaultConfigurationName = Release;
		};
		CBA99ED12503B58B008048F1 /* Build configuration list for PBXNativeTarget "Calculator!UITests" */ = {
			isa = XCConfigurationList;
			buildConfigurations = (
				CBA99ED22503B58B008048F1 /* Debug */,
				CBA99ED32503B58B008048F1 /* Release */,
			);
			defaultConfigurationIsVisible = 0;
			defaultConfigurationName = Release;
		};
/* End XCConfigurationList section */

/* Begin XCVersionGroup section */
		CB7B5555252B1FBC00B9613B /* HistoryModel.xcdatamodeld */ = {
			isa = XCVersionGroup;
			children = (
				CB7B5556252B1FBC00B9613B /* HistoryModel.xcdatamodel */,
			);
			currentVersion = CB7B5556252B1FBC00B9613B /* HistoryModel.xcdatamodel */;
			path = HistoryModel.xcdatamodeld;
			sourceTree = "<group>";
			versionGroupType = wrapper.xcdatamodel;
		};
/* End XCVersionGroup section */
	};
	rootObject = CBA99E992503B58A008048F1 /* Project object */;
}
